// !$*UTF8*$!
{
	archiveVersion = 1;
	classes = {
	};
	objectVersion = 77;
	objects = {

/* Begin PBXContainerItemProxy section */
		2BF4A8912E2B0A05009D9DEC /* PBXContainerItemProxy */ = {
			isa = PBXContainerItemProxy;
			containerPortal = 2BF4A8732E2B0A04009D9DEC /* Project object */;
			proxyType = 1;
			remoteGlobalIDString = 2BF4A87A2E2B0A04009D9DEC;
			remoteInfo = StreamingAppTest;
		};
		2BF4A89B2E2B0A05009D9DEC /* PBXContainerItemProxy */ = {
			isa = PBXContainerItemProxy;
			containerPortal = 2BF4A8732E2B0A04009D9DEC /* Project object */;
			proxyType = 1;
			remoteGlobalIDString = 2BF4A87A2E2B0A04009D9DEC;
			remoteInfo = StreamingAppTest;
		};
/* End PBXContainerItemProxy section */

/* Begin PBXFileReference section */
		2BF4A87B2E2B0A04009D9DEC /* StreamingAppTest.app */ = {isa = PBXFileReference; explicitFileType = wrapper.application; includeInIndex = 0; path = StreamingAppTest.app; sourceTree = BUILT_PRODUCTS_DIR; };
		2BF4A8902E2B0A05009D9DEC /* StreamingAppTestTests.xctest */ = {isa = PBXFileReference; explicitFileType = wrapper.cfbundle; includeInIndex = 0; path = StreamingAppTestTests.xctest; sourceTree = BUILT_PRODUCTS_DIR; };
		2BF4A89A2E2B0A05009D9DEC /* StreamingAppTestUITests.xctest */ = {isa = PBXFileReference; explicitFileType = wrapper.cfbundle; includeInIndex = 0; path = StreamingAppTestUITests.xctest; sourceTree = BUILT_PRODUCTS_DIR; };
/* End PBXFileReference section */

/* Begin PBXFileSystemSynchronizedRootGroup section */
		2BF4A87D2E2B0A04009D9DEC /* StreamingAppTest */ = {
			isa = PBXFileSystemSynchronizedRootGroup;
			path = StreamingAppTest;
			sourceTree = "<group>";
		};
		2BF4A8932E2B0A05009D9DEC /* StreamingAppTestTests */ = {
			isa = PBXFileSystemSynchronizedRootGroup;
			path = StreamingAppTestTests;
			sourceTree = "<group>";
		};
		2BF4A89D2E2B0A05009D9DEC /* StreamingAppTestUITests */ = {
			isa = PBXFileSystemSynchronizedRootGroup;
			path = StreamingAppTestUITests;
			sourceTree = "<group>";
		};
/* End PBXFileSystemSynchronizedRootGroup section */

/* Begin PBXFrameworksBuildPhase section */
		2BF4A8782E2B0A04009D9DEC /* Frameworks */ = {
			isa = PBXFrameworksBuildPhase;
			buildActionMask = 2147483647;
			files = (
			);
			runOnlyForDeploymentPostprocessing = 0;
		};
		2BF4A88D2E2B0A05009D9DEC /* Frameworks */ = {
			isa = PBXFrameworksBuildPhase;
			buildActionMask = 2147483647;
			files = (
			);
			runOnlyForDeploymentPostprocessing = 0;
		};
		2BF4A8972E2B0A05009D9DEC /* Frameworks */ = {
			isa = PBXFrameworksBuildPhase;
			buildActionMask = 2147483647;
			files = (
			);
			runOnlyForDeploymentPostprocessing = 0;
		};
/* End PBXFrameworksBuildPhase section */

/* Begin PBXGroup section */
		2BF4A8722E2B0A04009D9DEC = {
			isa = PBXGroup;
			children = (
				2BF4A87D2E2B0A04009D9DEC /* StreamingAppTest */,
				2BF4A8932E2B0A05009D9DEC /* StreamingAppTestTests */,
				2BF4A89D2E2B0A05009D9DEC /* StreamingAppTestUITests */,
				2BF4A87C2E2B0A04009D9DEC /* Products */,
			);
			sourceTree = "<group>";
		};
		2BF4A87C2E2B0A04009D9DEC /* Products */ = {
			isa = PBXGroup;
			children = (
				2BF4A87B2E2B0A04009D9DEC /* StreamingAppTest.app */,
				2BF4A8902E2B0A05009D9DEC /* StreamingAppTestTests.xctest */,
				2BF4A89A2E2B0A05009D9DEC /* StreamingAppTestUITests.xctest */,
			);
			name = Products;
			sourceTree = "<group>";
		};
/* End PBXGroup section */

/* Begin PBXNativeTarget section */
		2BF4A87A2E2B0A04009D9DEC /* StreamingAppTest */ = {
			isa = PBXNativeTarget;
			buildConfigurationList = 2BF4A8A42E2B0A05009D9DEC /* Build configuration list for PBXNativeTarget "StreamingAppTest" */;
			buildPhases = (
				2BF4A8772E2B0A04009D9DEC /* Sources */,
				2BF4A8782E2B0A04009D9DEC /* Frameworks */,
				2BF4A8792E2B0A04009D9DEC /* Resources */,
			);
			buildRules = (
			);
			dependencies = (
			);
			fileSystemSynchronizedGroups = (
				2BF4A87D2E2B0A04009D9DEC /* StreamingAppTest */,
			);
			name = StreamingAppTest;
			packageProductDependencies = (
			);
			productName = StreamingAppTest;
			productReference = 2BF4A87B2E2B0A04009D9DEC /* StreamingAppTest.app */;
			productType = "com.apple.product-type.application";
		};
		2BF4A88F2E2B0A05009D9DEC /* StreamingAppTestTests */ = {
			isa = PBXNativeTarget;
			buildConfigurationList = 2BF4A8A72E2B0A05009D9DEC /* Build configuration list for PBXNativeTarget "StreamingAppTestTests" */;
			buildPhases = (
				2BF4A88C2E2B0A05009D9DEC /* Sources */,
				2BF4A88D2E2B0A05009D9DEC /* Frameworks */,
				2BF4A88E2E2B0A05009D9DEC /* Resources */,
			);
			buildRules = (
			);
			dependencies = (
				2BF4A8922E2B0A05009D9DEC /* PBXTargetDependency */,
			);
			fileSystemSynchronizedGroups = (
				2BF4A8932E2B0A05009D9DEC /* StreamingAppTestTests */,
			);
			name = StreamingAppTestTests;
			packageProductDependencies = (
			);
			productName = StreamingAppTestTests;
			productReference = 2BF4A8902E2B0A05009D9DEC /* StreamingAppTestTests.xctest */;
			productType = "com.apple.product-type.bundle.unit-test";
		};
		2BF4A8992E2B0A05009D9DEC /* StreamingAppTestUITests */ = {
			isa = PBXNativeTarget;
			buildConfigurationList = 2BF4A8AA2E2B0A05009D9DEC /* Build configuration list for PBXNativeTarget "StreamingAppTestUITests" */;
			buildPhases = (
				2BF4A8962E2B0A05009D9DEC /* Sources */,
				2BF4A8972E2B0A05009D9DEC /* Frameworks */,
				2BF4A8982E2B0A05009D9DEC /* Resources */,
			);
			buildRules = (
			);
			dependencies = (
				2BF4A89C2E2B0A05009D9DEC /* PBXTargetDependency */,
			);
			fileSystemSynchronizedGroups = (
				2BF4A89D2E2B0A05009D9DEC /* StreamingAppTestUITests */,
			);
			name = StreamingAppTestUITests;
			packageProductDependencies = (
			);
			productName = StreamingAppTestUITests;
			productReference = 2BF4A89A2E2B0A05009D9DEC /* StreamingAppTestUITests.xctest */;
			productType = "com.apple.product-type.bundle.ui-testing";
		};
/* End PBXNativeTarget section */

/* Begin PBXProject section */
		2BF4A8732E2B0A04009D9DEC /* Project object */ = {
			isa = PBXProject;
			attributes = {
				BuildIndependentTargetsInParallel = 1;
				LastSwiftUpdateCheck = 1610;
				LastUpgradeCheck = 1610;
				TargetAttributes = {
					2BF4A87A2E2B0A04009D9DEC = {
						CreatedOnToolsVersion = 16.1;
					};
					2BF4A88F2E2B0A05009D9DEC = {
						CreatedOnToolsVersion = 16.1;
						TestTargetID = 2BF4A87A2E2B0A04009D9DEC;
					};
					2BF4A8992E2B0A05009D9DEC = {
						CreatedOnToolsVersion = 16.1;
						TestTargetID = 2BF4A87A2E2B0A04009D9DEC;
					};
				};
			};
			buildConfigurationList = 2BF4A8762E2B0A04009D9DEC /* Build configuration list for PBXProject "StreamingAppTest" */;
			developmentRegion = en;
			hasScannedForEncodings = 0;
			knownRegions = (
				en,
				Base,
			);
			mainGroup = 2BF4A8722E2B0A04009D9DEC;
			minimizedProjectReferenceProxies = 1;
			preferredProjectObjectVersion = 77;
			productRefGroup = 2BF4A87C2E2B0A04009D9DEC /* Products */;
			projectDirPath = "";
			projectRoot = "";
			targets = (
				2BF4A87A2E2B0A04009D9DEC /* StreamingAppTest */,
				2BF4A88F2E2B0A05009D9DEC /* StreamingAppTestTests */,
				2BF4A8992E2B0A05009D9DEC /* StreamingAppTestUITests */,
			);
		};
/* End PBXProject section */

/* Begin PBXResourcesBuildPhase section */
		2BF4A8792E2B0A04009D9DEC /* Resources */ = {
			isa = PBXResourcesBuildPhase;
			buildActionMask = 2147483647;
			files = (
			);
			runOnlyForDeploymentPostprocessing = 0;
		};
		2BF4A88E2E2B0A05009D9DEC /* Resources */ = {
			isa = PBXResourcesBuildPhase;
			buildActionMask = 2147483647;
			files = (
			);
			runOnlyForDeploymentPostprocessing = 0;
		};
		2BF4A8982E2B0A05009D9DEC /* Resources */ = {
			isa = PBXResourcesBuildPhase;
			buildActionMask = 2147483647;
			files = (
			);
			runOnlyForDeploymentPostprocessing = 0;
		};
/* End PBXResourcesBuildPhase section */

/* Begin PBXSourcesBuildPhase section */
		2BF4A8772E2B0A04009D9DEC /* Sources */ = {
			isa = PBXSourcesBuildPhase;
			buildActionMask = 2147483647;
			files = (
			);
			runOnlyForDeploymentPostprocessing = 0;
		};
		2BF4A88C2E2B0A05009D9DEC /* Sources */ = {
			isa = PBXSourcesBuildPhase;
			buildActionMask = 2147483647;
			files = (
			);
			runOnlyForDeploymentPostprocessing = 0;
		};
		2BF4A8962E2B0A05009D9DEC /* Sources */ = {
			isa = PBXSourcesBuildPhase;
			buildActionMask = 2147483647;
			files = (
			);
			runOnlyForDeploymentPostprocessing = 0;
		};
/* End PBXSourcesBuildPhase section */

/* Begin PBXTargetDependency section */
		2BF4A8922E2B0A05009D9DEC /* PBXTargetDependency */ = {
			isa = PBXTargetDependency;
			target = 2BF4A87A2E2B0A04009D9DEC /* StreamingAppTest */;
			targetProxy = 2BF4A8912E2B0A05009D9DEC /* PBXContainerItemProxy */;
		};
		2BF4A89C2E2B0A05009D9DEC /* PBXTargetDependency */ = {
			isa = PBXTargetDependency;
			target = 2BF4A87A2E2B0A04009D9DEC /* StreamingAppTest */;
			targetProxy = 2BF4A89B2E2B0A05009D9DEC /* PBXContainerItemProxy */;
		};
/* End PBXTargetDependency section */

/* Begin XCBuildConfiguration section */
		2BF4A8A22E2B0A05009D9DEC /* Debug */ = {
			isa = XCBuildConfiguration;
			buildSettings = {
				ALWAYS_SEARCH_USER_PATHS = NO;
				ASSETCATALOG_COMPILER_GENERATE_SWIFT_ASSET_SYMBOL_EXTENSIONS = YES;
				CLANG_ANALYZER_NONNULL = YES;
				CLANG_ANALYZER_NUMBER_OBJECT_CONVERSION = YES_AGGRESSIVE;
				CLANG_CXX_LANGUAGE_STANDARD = "gnu++20";
				CLANG_ENABLE_MODULES = YES;
				CLANG_ENABLE_OBJC_ARC = YES;
				CLANG_ENABLE_OBJC_WEAK = YES;
				CLANG_WARN_BLOCK_CAPTURE_AUTORELEASING = YES;
				CLANG_WARN_BOOL_CONVERSION = YES;
				CLANG_WARN_COMMA = YES;
				CLANG_WARN_CONSTANT_CONVERSION = YES;
				CLANG_WARN_DEPRECATED_OBJC_IMPLEMENTATIONS = YES;
				CLANG_WARN_DIRECT_OBJC_ISA_USAGE = YES_ERROR;
				CLANG_WARN_DOCUMENTATION_COMMENTS = YES;
				CLANG_WARN_EMPTY_BODY = YES;
				CLANG_WARN_ENUM_CONVERSION = YES;
				CLANG_WARN_INFINITE_RECURSION = YES;
				CLANG_WARN_INT_CONVERSION = YES;
				CLANG_WARN_NON_LITERAL_NULL_CONVERSION = YES;
				CLANG_WARN_OBJC_IMPLICIT_RETAIN_SELF = YES;
				CLANG_WARN_OBJC_LITERAL_CONVERSION = YES;
				CLANG_WARN_OBJC_ROOT_CLASS = YES_ERROR;
				CLANG_WARN_QUOTED_INCLUDE_IN_FRAMEWORK_HEADER = YES;
				CLANG_WARN_RANGE_LOOP_ANALYSIS = YES;
				CLANG_WARN_STRICT_PROTOTYPES = YES;
				CLANG_WARN_SUSPICIOUS_MOVE = YES;
				CLANG_WARN_UNGUARDED_AVAILABILITY = YES_AGGRESSIVE;
				CLANG_WARN_UNREACHABLE_CODE = YES;
				CLANG_WARN__DUPLICATE_METHOD_MATCH = YES;
				COPY_PHASE_STRIP = NO;
				DEBUG_INFORMATION_FORMAT = dwarf;
				ENABLE_STRICT_OBJC_MSGSEND = YES;
				ENABLE_TESTABILITY = YES;
				ENABLE_USER_SCRIPT_SANDBOXING = YES;
				GCC_C_LANGUAGE_STANDARD = gnu17;
				GCC_DYNAMIC_NO_PIC = NO;
				GCC_NO_COMMON_BLOCKS = YES;
				GCC_OPTIMIZATION_LEVEL = 0;
				GCC_PREPROCESSOR_DEFINITIONS = (
					"DEBUG=1",
					"$(inherited)",
				);
				GCC_WARN_64_TO_32_BIT_CONVERSION = YES;
				GCC_WARN_ABOUT_RETURN_TYPE = YES_ERROR;
				GCC_WARN_UNDECLARED_SELECTOR = YES;
				GCC_WARN_UNINITIALIZED_AUTOS = YES_AGGRESSIVE;
				GCC_WARN_UNUSED_FUNCTION = YES;
				GCC_WARN_UNUSED_VARIABLE = YES;
				IPHONEOS_DEPLOYMENT_TARGET = 18.1;
				LOCALIZATION_PREFERS_STRING_CATALOGS = YES;
				MTL_ENABLE_DEBUG_INFO = INCLUDE_SOURCE;
				MTL_FAST_MATH = YES;
				ONLY_ACTIVE_ARCH = YES;
				SDKROOT = iphoneos;
				SWIFT_ACTIVE_COMPILATION_CONDITIONS = "DEBUG $(inherited)";
				SWIFT_OPTIMIZATION_LEVEL = "-Onone";
			};
			name = Debug;
		};
		2BF4A8A32E2B0A05009D9DEC /* Release */ = {
			isa = XCBuildConfiguration;
			buildSettings = {
				ALWAYS_SEARCH_USER_PATHS = NO;
				ASSETCATALOG_COMPILER_GENERATE_SWIFT_ASSET_SYMBOL_EXTENSIONS = YES;
				CLANG_ANALYZER_NONNULL = YES;
				CLANG_ANALYZER_NUMBER_OBJECT_CONVERSION = YES_AGGRESSIVE;
				CLANG_CXX_LANGUAGE_STANDARD = "gnu++20";
				CLANG_ENABLE_MODULES = YES;
				CLANG_ENABLE_OBJC_ARC = YES;
				CLANG_ENABLE_OBJC_WEAK = YES;
				CLANG_WARN_BLOCK_CAPTURE_AUTORELEASING = YES;
				CLANG_WARN_BOOL_CONVERSION = YES;
				CLANG_WARN_COMMA = YES;
				CLANG_WARN_CONSTANT_CONVERSION = YES;
				CLANG_WARN_DEPRECATED_OBJC_IMPLEMENTATIONS = YES;
				CLANG_WARN_DIRECT_OBJC_ISA_USAGE = YES_ERROR;
				CLANG_WARN_DOCUMENTATION_COMMENTS = YES;
				CLANG_WARN_EMPTY_BODY = YES;
				CLANG_WARN_ENUM_CONVERSION = YES;
				CLANG_WARN_INFINITE_RECURSION = YES;
				CLANG_WARN_INT_CONVERSION = YES;
				CLANG_WARN_NON_LITERAL_NULL_CONVERSION = YES;
				CLANG_WARN_OBJC_IMPLICIT_RETAIN_SELF = YES;
				CLANG_WARN_OBJC_LITERAL_CONVERSION = YES;
				CLANG_WARN_OBJC_ROOT_CLASS = YES_ERROR;
				CLANG_WARN_QUOTED_INCLUDE_IN_FRAMEWORK_HEADER = YES;
				CLANG_WARN_RANGE_LOOP_ANALYSIS = YES;
				CLANG_WARN_STRICT_PROTOTYPES = YES;
				CLANG_WARN_SUSPICIOUS_MOVE = YES;
				CLANG_WARN_UNGUARDED_AVAILABILITY = YES_AGGRESSIVE;
				CLANG_WARN_UNREACHABLE_CODE = YES;
				CLANG_WARN__DUPLICATE_METHOD_MATCH = YES;
				COPY_PHASE_STRIP = NO;
				DEBUG_INFORMATION_FORMAT = "dwarf-with-dsym";
				ENABLE_NS_ASSERTIONS = NO;
				ENABLE_STRICT_OBJC_MSGSEND = YES;
				ENABLE_USER_SCRIPT_SANDBOXING = YES;
				GCC_C_LANGUAGE_STANDARD = gnu17;
				GCC_NO_COMMON_BLOCKS = YES;
				GCC_WARN_64_TO_32_BIT_CONVERSION = YES;
				GCC_WARN_ABOUT_RETURN_TYPE = YES_ERROR;
				GCC_WARN_UNDECLARED_SELECTOR = YES;
				GCC_WARN_UNINITIALIZED_AUTOS = YES_AGGRESSIVE;
				GCC_WARN_UNUSED_FUNCTION = YES;
				GCC_WARN_UNUSED_VARIABLE = YES;
				IPHONEOS_DEPLOYMENT_TARGET = 18.1;
				LOCALIZATION_PREFERS_STRING_CATALOGS = YES;
				MTL_ENABLE_DEBUG_INFO = NO;
				MTL_FAST_MATH = YES;
				SDKROOT = iphoneos;
				SWIFT_COMPILATION_MODE = wholemodule;
				VALIDATE_PRODUCT = YES;
			};
			name = Release;
		};
		2BF4A8A52E2B0A05009D9DEC /* Debug */ = {
			isa = XCBuildConfiguration;
			buildSettings = {
				ASSETCATALOG_COMPILER_APPICON_NAME = AppIcon;
				ASSETCATALOG_COMPILER_GLOBAL_ACCENT_COLOR_NAME = AccentColor;
				CODE_SIGN_STYLE = Automatic;
				CURRENT_PROJECT_VERSION = 1;
				DEVELOPMENT_ASSET_PATHS = "\"StreamingAppTest/Preview Content\"";
				ENABLE_PREVIEWS = YES;
				GENERATE_INFOPLIST_FILE = YES;
				INFOPLIST_KEY_UIApplicationSceneManifest_Generation = YES;
				INFOPLIST_KEY_UIApplicationSupportsIndirectInputEvents = YES;
				INFOPLIST_KEY_UILaunchScreen_Generation = YES;
				INFOPLIST_KEY_UISupportedInterfaceOrientations_iPad = "UIInterfaceOrientationPortrait UIInterfaceOrientationPortraitUpsideDown UIInterfaceOrientationLandscapeLeft UIInterfaceOrientationLandscapeRight";
				INFOPLIST_KEY_UISupportedInterfaceOrientations_iPhone = "UIInterfaceOrientationPortrait UIInterfaceOrientationLandscapeLeft UIInterfaceOrientationLandscapeRight";
				LD_RUNPATH_SEARCH_PATHS = (
					"$(inherited)",
					"@executable_path/Frameworks",
				);
				MARKETING_VERSION = 1.0;
				PRODUCT_BUNDLE_IDENTIFIER = com.jael.StreamingAppTest;
				PRODUCT_NAME = "$(TARGET_NAME)";
				SWIFT_EMIT_LOC_STRINGS = YES;
				SWIFT_VERSION = 5.0;
				TARGETED_DEVICE_FAMILY = "1,2";
			};
			name = Debug;
		};
		2BF4A8A62E2B0A05009D9DEC /* Release */ = {
			isa = XCBuildConfiguration;
			buildSettings = {
				ASSETCATALOG_COMPILER_APPICON_NAME = AppIcon;
				ASSETCATALOG_COMPILER_GLOBAL_ACCENT_COLOR_NAME = AccentColor;
				CODE_SIGN_STYLE = Automatic;
				CURRENT_PROJECT_VERSION = 1;
				DEVELOPMENT_ASSET_PATHS = "\"StreamingAppTest/Preview Content\"";
				ENABLE_PREVIEWS = YES;
				GENERATE_INFOPLIST_FILE = YES;
				INFOPLIST_KEY_UIApplicationSceneManifest_Generation = YES;
				INFOPLIST_KEY_UIApplicationSupportsIndirectInputEvents = YES;
				INFOPLIST_KEY_UILaunchScreen_Generation = YES;
				INFOPLIST_KEY_UISupportedInterfaceOrientations_iPad = "UIInterfaceOrientationPortrait UIInterfaceOrientationPortraitUpsideDown UIInterfaceOrientationLandscapeLeft UIInterfaceOrientationLandscapeRight";
				INFOPLIST_KEY_UISupportedInterfaceOrientations_iPhone = "UIInterfaceOrientationPortrait UIInterfaceOrientationLandscapeLeft UIInterfaceOrientationLandscapeRight";
				LD_RUNPATH_SEARCH_PATHS = (
					"$(inherited)",
					"@executable_path/Frameworks",
				);
				MARKETING_VERSION = 1.0;
				PRODUCT_BUNDLE_IDENTIFIER = com.jael.StreamingAppTest;
				PRODUCT_NAME = "$(TARGET_NAME)";
				SWIFT_EMIT_LOC_STRINGS = YES;
				SWIFT_VERSION = 5.0;
				TARGETED_DEVICE_FAMILY = "1,2";
			};
			name = Release;
		};
		2BF4A8A82E2B0A05009D9DEC /* Debug */ = {
			isa = XCBuildConfiguration;
			buildSettings = {
				BUNDLE_LOADER = "$(TEST_HOST)";
				CODE_SIGN_STYLE = Automatic;
				CURRENT_PROJECT_VERSION = 1;
				GENERATE_INFOPLIST_FILE = YES;
				IPHONEOS_DEPLOYMENT_TARGET = 18.1;
				MARKETING_VERSION = 1.0;
				PRODUCT_BUNDLE_IDENTIFIER = com.jael.StreamingAppTestTests;
				PRODUCT_NAME = "$(TARGET_NAME)";
				SWIFT_EMIT_LOC_STRINGS = NO;
				SWIFT_VERSION = 5.0;
				TARGETED_DEVICE_FAMILY = "1,2";
				TEST_HOST = "$(BUILT_PRODUCTS_DIR)/StreamingAppTest.app/$(BUNDLE_EXECUTABLE_FOLDER_PATH)/StreamingAppTest";
			};
			name = Debug;
		};
		2BF4A8A92E2B0A05009D9DEC /* Release */ = {
			isa = XCBuildConfiguration;
			buildSettings = {
				BUNDLE_LOADER = "$(TEST_HOST)";
				CODE_SIGN_STYLE = Automatic;
				CURRENT_PROJECT_VERSION = 1;
				GENERATE_INFOPLIST_FILE = YES;
				IPHONEOS_DEPLOYMENT_TARGET = 18.1;
				MARKETING_VERSION = 1.0;
				PRODUCT_BUNDLE_IDENTIFIER = com.jael.StreamingAppTestTests;
				PRODUCT_NAME = "$(TARGET_NAME)";
				SWIFT_EMIT_LOC_STRINGS = NO;
				SWIFT_VERSION = 5.0;
				TARGETED_DEVICE_FAMILY = "1,2";
				TEST_HOST = "$(BUILT_PRODUCTS_DIR)/StreamingAppTest.app/$(BUNDLE_EXECUTABLE_FOLDER_PATH)/StreamingAppTest";
			};
			name = Release;
		};
		2BF4A8AB2E2B0A05009D9DEC /* Debug */ = {
			isa = XCBuildConfiguration;
			buildSettings = {
				CODE_SIGN_STYLE = Automatic;
				CURRENT_PROJECT_VERSION = 1;
				GENERATE_INFOPLIST_FILE = YES;
				MARKETING_VERSION = 1.0;
				PRODUCT_BUNDLE_IDENTIFIER = com.jael.StreamingAppTestUITests;
				PRODUCT_NAME = "$(TARGET_NAME)";
				SWIFT_EMIT_LOC_STRINGS = NO;
				SWIFT_VERSION = 5.0;
				TARGETED_DEVICE_FAMILY = "1,2";
				TEST_TARGET_NAME = StreamingAppTest;
			};
			name = Debug;
		};
		2BF4A8AC2E2B0A05009D9DEC /* Release */ = {
			isa = XCBuildConfiguration;
			buildSettings = {
				CODE_SIGN_STYLE = Automatic;
				CURRENT_PROJECT_VERSION = 1;
				GENERATE_INFOPLIST_FILE = YES;
				MARKETING_VERSION = 1.0;
				PRODUCT_BUNDLE_IDENTIFIER = com.jael.StreamingAppTestUITests;
				PRODUCT_NAME = "$(TARGET_NAME)";
				SWIFT_EMIT_LOC_STRINGS = NO;
				SWIFT_VERSION = 5.0;
				TARGETED_DEVICE_FAMILY = "1,2";
				TEST_TARGET_NAME = StreamingAppTest;
			};
			name = Release;
		};
/* End XCBuildConfiguration section */

/* Begin XCConfigurationList section */
		2BF4A8762E2B0A04009D9DEC /* Build configuration list for PBXProject "StreamingAppTest" */ = {
			isa = XCConfigurationList;
			buildConfigurations = (
				2BF4A8A22E2B0A05009D9DEC /* Debug */,
				2BF4A8A32E2B0A05009D9DEC /* Release */,
			);
			defaultConfigurationIsVisible = 0;
			defaultConfigurationName = Release;
		};
		2BF4A8A42E2B0A05009D9DEC /* Build configuration list for PBXNativeTarget "StreamingAppTest" */ = {
			isa = XCConfigurationList;
			buildConfigurations = (
				2BF4A8A52E2B0A05009D9DEC /* Debug */,
				2BF4A8A62E2B0A05009D9DEC /* Release */,
			);
			defaultConfigurationIsVisible = 0;
			defaultConfigurationName = Release;
		};
		2BF4A8A72E2B0A05009D9DEC /* Build configuration list for PBXNativeTarget "StreamingAppTestTests" */ = {
			isa = XCConfigurationList;
			buildConfigurations = (
				2BF4A8A82E2B0A05009D9DEC /* Debug */,
				2BF4A8A92E2B0A05009D9DEC /* Release */,
			);
			defaultConfigurationIsVisible = 0;
			defaultConfigurationName = Release;
		};
		2BF4A8AA2E2B0A05009D9DEC /* Build configuration list for PBXNativeTarget "StreamingAppTestUITests" */ = {
			isa = XCConfigurationList;
			buildConfigurations = (
				2BF4A8AB2E2B0A05009D9DEC /* Debug */,
				2BF4A8AC2E2B0A05009D9DEC /* Release */,
			);
			defaultConfigurationIsVisible = 0;
			defaultConfigurationName = Release;
		};
/* End XCConfigurationList section */
	};
	rootObject = 2BF4A8732E2B0A04009D9DEC /* Project object */;
}
